// !$*UTF8*$!
{
	archiveVersion = 1;
	classes = {
	};
	objectVersion = 50;
	objects = {

/* Begin PBXBuildFile section */
		B339BE474696962AF7FD629F /* Pods_MyApp.framework in Frameworks */ = {isa = PBXBuildFile; fileRef = 143ECDE0B26DC38A2F8EE7B1 /* Pods_MyApp.framework */; };
		DB8D38DF24123F0200F1E0E6 /* AppDelegate.swift in Sources */ = {isa = PBXBuildFile; fileRef = DB8D38DE24123F0200F1E0E6 /* AppDelegate.swift */; };
		DB8D38E324123F0200F1E0E6 /* ViewController.swift in Sources */ = {isa = PBXBuildFile; fileRef = DB8D38E224123F0200F1E0E6 /* ViewController.swift */; };
		DB8D38E624123F0200F1E0E6 /* Main.storyboard in Resources */ = {isa = PBXBuildFile; fileRef = DB8D38E424123F0200F1E0E6 /* Main.storyboard */; };
		DB8D38E824123F0600F1E0E6 /* Assets.xcassets in Resources */ = {isa = PBXBuildFile; fileRef = DB8D38E724123F0600F1E0E6 /* Assets.xcassets */; };
		DB8D38EB24123F0600F1E0E6 /* LaunchScreen.storyboard in Resources */ = {isa = PBXBuildFile; fileRef = DB8D38E924123F0600F1E0E6 /* LaunchScreen.storyboard */; };
		DB8D38F624123F0600F1E0E6 /* MyAppTests.swift in Sources */ = {isa = PBXBuildFile; fileRef = DB8D38F524123F0600F1E0E6 /* MyAppTests.swift */; };
		DB8D390124123F0600F1E0E6 /* MyAppUITests.swift in Sources */ = {isa = PBXBuildFile; fileRef = DB8D390024123F0600F1E0E6 /* MyAppUITests.swift */; };
/* End PBXBuildFile section */

/* Begin PBXContainerItemProxy section */
		DB8D38F224123F0600F1E0E6 /* PBXContainerItemProxy */ = {
			isa = PBXContainerItemProxy;
			containerPortal = DB8D38D324123F0200F1E0E6 /* Project object */;
			proxyType = 1;
			remoteGlobalIDString = DB8D38DA24123F0200F1E0E6;
			remoteInfo = MyApp;
		};
		DB8D38FD24123F0600F1E0E6 /* PBXContainerItemProxy */ = {
			isa = PBXContainerItemProxy;
			containerPortal = DB8D38D324123F0200F1E0E6 /* Project object */;
			proxyType = 1;
			remoteGlobalIDString = DB8D38DA24123F0200F1E0E6;
			remoteInfo = MyApp;
		};
/* End PBXContainerItemProxy section */

/* Begin PBXFileReference section */
		143ECDE0B26DC38A2F8EE7B1 /* Pods_MyApp.framework */ = {isa = PBXFileReference; explicitFileType = wrapper.framework; includeInIndex = 0; path = Pods_MyApp.framework; sourceTree = BUILT_PRODUCTS_DIR; };
		5D693C43E32D935B99AC7CEA /* Pods-MyApp.release.xcconfig */ = {isa = PBXFileReference; includeInIndex = 1; lastKnownFileType = text.xcconfig; name = "Pods-MyApp.release.xcconfig"; path = "Target Support Files/Pods-MyApp/Pods-MyApp.release.xcconfig"; sourceTree = "<group>"; };
		67D6DA3306178C91C9AF2BC9 /* Pods-MyApp.debug.xcconfig */ = {isa = PBXFileReference; includeInIndex = 1; lastKnownFileType = text.xcconfig; name = "Pods-MyApp.debug.xcconfig"; path = "Target Support Files/Pods-MyApp/Pods-MyApp.debug.xcconfig"; sourceTree = "<group>"; };
		DB8D38DB24123F0200F1E0E6 /* MyApp.app */ = {isa = PBXFileReference; explicitFileType = wrapper.application; includeInIndex = 0; path = MyApp.app; sourceTree = BUILT_PRODUCTS_DIR; };
		DB8D38DE24123F0200F1E0E6 /* AppDelegate.swift */ = {isa = PBXFileReference; lastKnownFileType = sourcecode.swift; path = AppDelegate.swift; sourceTree = "<group>"; };
		DB8D38E224123F0200F1E0E6 /* ViewController.swift */ = {isa = PBXFileReference; lastKnownFileType = sourcecode.swift; path = ViewController.swift; sourceTree = "<group>"; };
		DB8D38E524123F0200F1E0E6 /* Base */ = {isa = PBXFileReference; lastKnownFileType = file.storyboard; name = Base; path = Base.lproj/Main.storyboard; sourceTree = "<group>"; };
		DB8D38E724123F0600F1E0E6 /* Assets.xcassets */ = {isa = PBXFileReference; lastKnownFileType = folder.assetcatalog; path = Assets.xcassets; sourceTree = "<group>"; };
		DB8D38EA24123F0600F1E0E6 /* Base */ = {isa = PBXFileReference; lastKnownFileType = file.storyboard; name = Base; path = Base.lproj/LaunchScreen.storyboard; sourceTree = "<group>"; };
		DB8D38EC24123F0600F1E0E6 /* Info.plist */ = {isa = PBXFileReference; lastKnownFileType = text.plist.xml; path = Info.plist; sourceTree = "<group>"; };
		DB8D38F124123F0600F1E0E6 /* MyAppTests.xctest */ = {isa = PBXFileReference; explicitFileType = wrapper.cfbundle; includeInIndex = 0; path = MyAppTests.xctest; sourceTree = BUILT_PRODUCTS_DIR; };
		DB8D38F524123F0600F1E0E6 /* MyAppTests.swift */ = {isa = PBXFileReference; lastKnownFileType = sourcecode.swift; path = MyAppTests.swift; sourceTree = "<group>"; };
		DB8D38F724123F0600F1E0E6 /* Info.plist */ = {isa = PBXFileReference; lastKnownFileType = text.plist.xml; path = Info.plist; sourceTree = "<group>"; };
		DB8D38FC24123F0600F1E0E6 /* MyAppUITests.xctest */ = {isa = PBXFileReference; explicitFileType = wrapper.cfbundle; includeInIndex = 0; path = MyAppUITests.xctest; sourceTree = BUILT_PRODUCTS_DIR; };
		DB8D390024123F0600F1E0E6 /* MyAppUITests.swift */ = {isa = PBXFileReference; lastKnownFileType = sourcecode.swift; path = MyAppUITests.swift; sourceTree = "<group>"; };
		DB8D390224123F0600F1E0E6 /* Info.plist */ = {isa = PBXFileReference; lastKnownFileType = text.plist.xml; path = Info.plist; sourceTree = "<group>"; };
/* End PBXFileReference section */

/* Begin PBXFrameworksBuildPhase section */
		DB8D38D824123F0200F1E0E6 /* Frameworks */ = {
			isa = PBXFrameworksBuildPhase;
			buildActionMask = 2147483647;
			files = (
				B339BE474696962AF7FD629F /* Pods_MyApp.framework in Frameworks */,
			);
			runOnlyForDeploymentPostprocessing = 0;
		};
		DB8D38EE24123F0600F1E0E6 /* Frameworks */ = {
			isa = PBXFrameworksBuildPhase;
			buildActionMask = 2147483647;
			files = (
			);
			runOnlyForDeploymentPostprocessing = 0;
		};
		DB8D38F924123F0600F1E0E6 /* Frameworks */ = {
			isa = PBXFrameworksBuildPhase;
			buildActionMask = 2147483647;
			files = (
			);
			runOnlyForDeploymentPostprocessing = 0;
		};
/* End PBXFrameworksBuildPhase section */

/* Begin PBXGroup section */
		40EAE05AD3A52F72D28D7376 /* Frameworks */ = {
			isa = PBXGroup;
			children = (
				143ECDE0B26DC38A2F8EE7B1 /* Pods_MyApp.framework */,
			);
			name = Frameworks;
			sourceTree = "<group>";
		};
		DB8D38D224123F0200F1E0E6 = {
			isa = PBXGroup;
			children = (
				DB8D38DD24123F0200F1E0E6 /* MyApp */,
				DB8D38F424123F0600F1E0E6 /* MyAppTests */,
				DB8D38FF24123F0600F1E0E6 /* MyAppUITests */,
				DB8D38DC24123F0200F1E0E6 /* Products */,
				FA17E8D3DF3DEEB5AB5C9E2A /* Pods */,
				40EAE05AD3A52F72D28D7376 /* Frameworks */,
			);
			sourceTree = "<group>";
		};
		DB8D38DC24123F0200F1E0E6 /* Products */ = {
			isa = PBXGroup;
			children = (
				DB8D38DB24123F0200F1E0E6 /* MyApp.app */,
				DB8D38F124123F0600F1E0E6 /* MyAppTests.xctest */,
				DB8D38FC24123F0600F1E0E6 /* MyAppUITests.xctest */,
			);
			name = Products;
			sourceTree = "<group>";
		};
		DB8D38DD24123F0200F1E0E6 /* MyApp */ = {
			isa = PBXGroup;
			children = (
				DB8D38DE24123F0200F1E0E6 /* AppDelegate.swift */,
				DB8D38E224123F0200F1E0E6 /* ViewController.swift */,
				DB8D38E424123F0200F1E0E6 /* Main.storyboard */,
				DB8D38E724123F0600F1E0E6 /* Assets.xcassets */,
				DB8D38E924123F0600F1E0E6 /* LaunchScreen.storyboard */,
				DB8D38EC24123F0600F1E0E6 /* Info.plist */,
			);
			path = MyApp;
			sourceTree = "<group>";
		};
		DB8D38F424123F0600F1E0E6 /* MyAppTests */ = {
			isa = PBXGroup;
			children = (
				DB8D38F524123F0600F1E0E6 /* MyAppTests.swift */,
				DB8D38F724123F0600F1E0E6 /* Info.plist */,
			);
			path = MyAppTests;
			sourceTree = "<group>";
		};
		DB8D38FF24123F0600F1E0E6 /* MyAppUITests */ = {
			isa = PBXGroup;
			children = (
				DB8D390024123F0600F1E0E6 /* MyAppUITests.swift */,
				DB8D390224123F0600F1E0E6 /* Info.plist */,
			);
			path = MyAppUITests;
			sourceTree = "<group>";
		};
		FA17E8D3DF3DEEB5AB5C9E2A /* Pods */ = {
			isa = PBXGroup;
			children = (
				67D6DA3306178C91C9AF2BC9 /* Pods-MyApp.debug.xcconfig */,
				5D693C43E32D935B99AC7CEA /* Pods-MyApp.release.xcconfig */,
			);
			name = Pods;
			path = Pods;
			sourceTree = "<group>";
		};
/* End PBXGroup section */

/* Begin PBXNativeTarget section */
		DB8D38DA24123F0200F1E0E6 /* MyApp */ = {
			isa = PBXNativeTarget;
			buildConfigurationList = DB8D390524123F0600F1E0E6 /* Build configuration list for PBXNativeTarget "MyApp" */;
			buildPhases = (
				3E4DA5E035F242B91F3FAF84 /* [CP] Check Pods Manifest.lock */,
				DB8D38D724123F0200F1E0E6 /* Sources */,
				DB8D38D824123F0200F1E0E6 /* Frameworks */,
				DB8D38D924123F0200F1E0E6 /* Resources */,
				22AB869BB31E3E7129BAB720 /* [CP] Embed Pods Frameworks */,
			);
			buildRules = (
			);
			dependencies = (
			);
			name = MyApp;
			productName = MyApp;
			productReference = DB8D38DB24123F0200F1E0E6 /* MyApp.app */;
			productType = "com.apple.product-type.application";
		};
		DB8D38F024123F0600F1E0E6 /* MyAppTests */ = {
			isa = PBXNativeTarget;
			buildConfigurationList = DB8D390824123F0600F1E0E6 /* Build configuration list for PBXNativeTarget "MyAppTests" */;
			buildPhases = (
				DB8D38ED24123F0600F1E0E6 /* Sources */,
				DB8D38EE24123F0600F1E0E6 /* Frameworks */,
				DB8D38EF24123F0600F1E0E6 /* Resources */,
			);
			buildRules = (
			);
			dependencies = (
				DB8D38F324123F0600F1E0E6 /* PBXTargetDependency */,
			);
			name = MyAppTests;
			productName = MyAppTests;
			productReference = DB8D38F124123F0600F1E0E6 /* MyAppTests.xctest */;
			productType = "com.apple.product-type.bundle.unit-test";
		};
		DB8D38FB24123F0600F1E0E6 /* MyAppUITests */ = {
			isa = PBXNativeTarget;
			buildConfigurationList = DB8D390B24123F0600F1E0E6 /* Build configuration list for PBXNativeTarget "MyAppUITests" */;
			buildPhases = (
				DB8D38F824123F0600F1E0E6 /* Sources */,
				DB8D38F924123F0600F1E0E6 /* Frameworks */,
				DB8D38FA24123F0600F1E0E6 /* Resources */,
			);
			buildRules = (
			);
			dependencies = (
				DB8D38FE24123F0600F1E0E6 /* PBXTargetDependency */,
			);
			name = MyAppUITests;
			productName = MyAppUITests;
			productReference = DB8D38FC24123F0600F1E0E6 /* MyAppUITests.xctest */;
			productType = "com.apple.product-type.bundle.ui-testing";
		};
/* End PBXNativeTarget section */

/* Begin PBXProject section */
		DB8D38D324123F0200F1E0E6 /* Project object */ = {
			isa = PBXProject;
			attributes = {
				LastSwiftUpdateCheck = 1130;
				LastUpgradeCheck = 1130;
				ORGANIZATIONNAME = "曹世鑫";
				TargetAttributes = {
					DB8D38DA24123F0200F1E0E6 = {
						CreatedOnToolsVersion = 11.3.1;
					};
					DB8D38F024123F0600F1E0E6 = {
						CreatedOnToolsVersion = 11.3.1;
						TestTargetID = DB8D38DA24123F0200F1E0E6;
					};
					DB8D38FB24123F0600F1E0E6 = {
						CreatedOnToolsVersion = 11.3.1;
						TestTargetID = DB8D38DA24123F0200F1E0E6;
					};
				};
			};
			buildConfigurationList = DB8D38D624123F0200F1E0E6 /* Build configuration list for PBXProject "MyApp" */;
			compatibilityVersion = "Xcode 9.3";
			developmentRegion = en;
			hasScannedForEncodings = 0;
			knownRegions = (
				en,
				Base,
			);
			mainGroup = DB8D38D224123F0200F1E0E6;
			productRefGroup = DB8D38DC24123F0200F1E0E6 /* Products */;
			projectDirPath = "";
			projectRoot = "";
			targets = (
				DB8D38DA24123F0200F1E0E6 /* MyApp */,
				DB8D38F024123F0600F1E0E6 /* MyAppTests */,
				DB8D38FB24123F0600F1E0E6 /* MyAppUITests */,
			);
		};
/* End PBXProject section */

/* Begin PBXResourcesBuildPhase section */
		DB8D38D924123F0200F1E0E6 /* Resources */ = {
			isa = PBXResourcesBuildPhase;
			buildActionMask = 2147483647;
			files = (
				DB8D38EB24123F0600F1E0E6 /* LaunchScreen.storyboard in Resources */,
				DB8D38E824123F0600F1E0E6 /* Assets.xcassets in Resources */,
				DB8D38E624123F0200F1E0E6 /* Main.storyboard in Resources */,
			);
			runOnlyForDeploymentPostprocessing = 0;
		};
		DB8D38EF24123F0600F1E0E6 /* Resources */ = {
			isa = PBXResourcesBuildPhase;
			buildActionMask = 2147483647;
			files = (
			);
			runOnlyForDeploymentPostprocessing = 0;
		};
		DB8D38FA24123F0600F1E0E6 /* Resources */ = {
			isa = PBXResourcesBuildPhase;
			buildActionMask = 2147483647;
			files = (
			);
			runOnlyForDeploymentPostprocessing = 0;
		};
/* End PBXResourcesBuildPhase section */

/* Begin PBXShellScriptBuildPhase section */
		22AB869BB31E3E7129BAB720 /* [CP] Embed Pods Frameworks */ = {
			isa = PBXShellScriptBuildPhase;
			buildActionMask = 2147483647;
			files = (
			);
			inputFileListPaths = (
				"${PODS_ROOT}/Target Support Files/Pods-MyApp/Pods-MyApp-frameworks-${CONFIGURATION}-input-files.xcfilelist",
			);
			name = "[CP] Embed Pods Frameworks";
			outputFileListPaths = (
				"${PODS_ROOT}/Target Support Files/Pods-MyApp/Pods-MyApp-frameworks-${CONFIGURATION}-output-files.xcfilelist",
			);
			runOnlyForDeploymentPostprocessing = 0;
			shellPath = /bin/sh;
			shellScript = "\"${PODS_ROOT}/Target Support Files/Pods-MyApp/Pods-MyApp-frameworks.sh\"\n";
			showEnvVarsInLog = 0;
		};
		3E4DA5E035F242B91F3FAF84 /* [CP] Check Pods Manifest.lock */ = {
			isa = PBXShellScriptBuildPhase;
			buildActionMask = 2147483647;
			files = (
			);
			inputFileListPaths = (
			);
			inputPaths = (
				"${PODS_PODFILE_DIR_PATH}/Podfile.lock",
				"${PODS_ROOT}/Manifest.lock",
			);
			name = "[CP] Check Pods Manifest.lock";
			outputFileListPaths = (
			);
			outputPaths = (
				"$(DERIVED_FILE_DIR)/Pods-MyApp-checkManifestLockResult.txt",
			);
			runOnlyForDeploymentPostprocessing = 0;
			shellPath = /bin/sh;
			shellScript = "diff \"${PODS_PODFILE_DIR_PATH}/Podfile.lock\" \"${PODS_ROOT}/Manifest.lock\" > /dev/null\nif [ $? != 0 ] ; then\n    # print error to STDERR\n    echo \"error: The sandbox is not in sync with the Podfile.lock. Run 'pod install' or update your CocoaPods installation.\" >&2\n    exit 1\nfi\n# This output is used by Xcode 'outputs' to avoid re-running this script phase.\necho \"SUCCESS\" > \"${SCRIPT_OUTPUT_FILE_0}\"\n";
			showEnvVarsInLog = 0;
		};
/* End PBXShellScriptBuildPhase section */

/* Begin PBXSourcesBuildPhase section */
		DB8D38D724123F0200F1E0E6 /* Sources */ = {
			isa = PBXSourcesBuildPhase;
			buildActionMask = 2147483647;
			files = (
				DB8D38E324123F0200F1E0E6 /* ViewController.swift in Sources */,
				DB8D38DF24123F0200F1E0E6 /* AppDelegate.swift in Sources */,
			);
			runOnlyForDeploymentPostprocessing = 0;
		};
		DB8D38ED24123F0600F1E0E6 /* Sources */ = {
			isa = PBXSourcesBuildPhase;
			buildActionMask = 2147483647;
			files = (
				DB8D38F624123F0600F1E0E6 /* MyAppTests.swift in Sources */,
			);
			runOnlyForDeploymentPostprocessing = 0;
		};
		DB8D38F824123F0600F1E0E6 /* Sources */ = {
			isa = PBXSourcesBuildPhase;
			buildActionMask = 2147483647;
			files = (
				DB8D390124123F0600F1E0E6 /* MyAppUITests.swift in Sources */,
			);
			runOnlyForDeploymentPostprocessing = 0;
		};
/* End PBXSourcesBuildPhase section */

/* Begin PBXTargetDependency section */
		DB8D38F324123F0600F1E0E6 /* PBXTargetDependency */ = {
			isa = PBXTargetDependency;
			target = DB8D38DA24123F0200F1E0E6 /* MyApp */;
			targetProxy = DB8D38F224123F0600F1E0E6 /* PBXContainerItemProxy */;
		};
		DB8D38FE24123F0600F1E0E6 /* PBXTargetDependency */ = {
			isa = PBXTargetDependency;
			target = DB8D38DA24123F0200F1E0E6 /* MyApp */;
			targetProxy = DB8D38FD24123F0600F1E0E6 /* PBXContainerItemProxy */;
		};
/* End PBXTargetDependency section */

/* Begin PBXVariantGroup section */
		DB8D38E424123F0200F1E0E6 /* Main.storyboard */ = {
			isa = PBXVariantGroup;
			children = (
				DB8D38E524123F0200F1E0E6 /* Base */,
			);
			name = Main.storyboard;
			sourceTree = "<group>";
		};
		DB8D38E924123F0600F1E0E6 /* LaunchScreen.storyboard */ = {
			isa = PBXVariantGroup;
			children = (
				DB8D38EA24123F0600F1E0E6 /* Base */,
			);
			name = LaunchScreen.storyboard;
			sourceTree = "<group>";
		};
/* End PBXVariantGroup section */

/* Begin XCBuildConfiguration section */
		DB8D390324123F0600F1E0E6 /* Debug */ = {
			isa = XCBuildConfiguration;
			buildSettings = {
				ALWAYS_SEARCH_USER_PATHS = NO;
				CLANG_ANALYZER_NONNULL = YES;
				CLANG_ANALYZER_NUMBER_OBJECT_CONVERSION = YES_AGGRESSIVE;
				CLANG_CXX_LANGUAGE_STANDARD = "gnu++14";
				CLANG_CXX_LIBRARY = "libc++";
				CLANG_ENABLE_MODULES = YES;
				CLANG_ENABLE_OBJC_ARC = YES;
				CLANG_ENABLE_OBJC_WEAK = YES;
				CLANG_WARN_BLOCK_CAPTURE_AUTORELEASING = YES;
				CLANG_WARN_BOOL_CONVERSION = YES;
				CLANG_WARN_COMMA = YES;
				CLANG_WARN_CONSTANT_CONVERSION = YES;
				CLANG_WARN_DEPRECATED_OBJC_IMPLEMENTATIONS = YES;
				CLANG_WARN_DIRECT_OBJC_ISA_USAGE = YES_ERROR;
				CLANG_WARN_DOCUMENTATION_COMMENTS = YES;
				CLANG_WARN_EMPTY_BODY = YES;
				CLANG_WARN_ENUM_CONVERSION = YES;
				CLANG_WARN_INFINITE_RECURSION = YES;
				CLANG_WARN_INT_CONVERSION = YES;
				CLANG_WARN_NON_LITERAL_NULL_CONVERSION = YES;
				CLANG_WARN_OBJC_IMPLICIT_RETAIN_SELF = YES;
				CLANG_WARN_OBJC_LITERAL_CONVERSION = YES;
				CLANG_WARN_OBJC_ROOT_CLASS = YES_ERROR;
				CLANG_WARN_RANGE_LOOP_ANALYSIS = YES;
				CLANG_WARN_STRICT_PROTOTYPES = YES;
				CLANG_WARN_SUSPICIOUS_MOVE = YES;
				CLANG_WARN_UNGUARDED_AVAILABILITY = YES_AGGRESSIVE;
				CLANG_WARN_UNREACHABLE_CODE = YES;
				CLANG_WARN__DUPLICATE_METHOD_MATCH = YES;
				COPY_PHASE_STRIP = NO;
				DEBUG_INFORMATION_FORMAT = dwarf;
				ENABLE_STRICT_OBJC_MSGSEND = YES;
				ENABLE_TESTABILITY = YES;
				GCC_C_LANGUAGE_STANDARD = gnu11;
				GCC_DYNAMIC_NO_PIC = NO;
				GCC_NO_COMMON_BLOCKS = YES;
				GCC_OPTIMIZATION_LEVEL = 0;
				GCC_PREPROCESSOR_DEFINITIONS = (
					"DEBUG=1",
					"$(inherited)",
				);
				GCC_WARN_64_TO_32_BIT_CONVERSION = YES;
				GCC_WARN_ABOUT_RETURN_TYPE = YES_ERROR;
				GCC_WARN_UNDECLARED_SELECTOR = YES;
				GCC_WARN_UNINITIALIZED_AUTOS = YES_AGGRESSIVE;
				GCC_WARN_UNUSED_FUNCTION = YES;
				GCC_WARN_UNUSED_VARIABLE = YES;
				IPHONEOS_DEPLOYMENT_TARGET = 13.2;
				MTL_ENABLE_DEBUG_INFO = INCLUDE_SOURCE;
				MTL_FAST_MATH = YES;
				ONLY_ACTIVE_ARCH = YES;
				SDKROOT = iphoneos;
				SWIFT_ACTIVE_COMPILATION_CONDITIONS = DEBUG;
				SWIFT_OPTIMIZATION_LEVEL = "-Onone";
			};
			name = Debug;
		};
		DB8D390424123F0600F1E0E6 /* Release */ = {
			isa = XCBuildConfiguration;
			buildSettings = {
				ALWAYS_SEARCH_USER_PATHS = NO;
				CLANG_ANALYZER_NONNULL = YES;
				CLANG_ANALYZER_NUMBER_OBJECT_CONVERSION = YES_AGGRESSIVE;
				CLANG_CXX_LANGUAGE_STANDARD = "gnu++14";
				CLANG_CXX_LIBRARY = "libc++";
				CLANG_ENABLE_MODULES = YES;
				CLANG_ENABLE_OBJC_ARC = YES;
				CLANG_ENABLE_OBJC_WEAK = YES;
				CLANG_WARN_BLOCK_CAPTURE_AUTORELEASING = YES;
				CLANG_WARN_BOOL_CONVERSION = YES;
				CLANG_WARN_COMMA = YES;
				CLANG_WARN_CONSTANT_CONVERSION = YES;
				CLANG_WARN_DEPRECATED_OBJC_IMPLEMENTATIONS = YES;
				CLANG_WARN_DIRECT_OBJC_ISA_USAGE = YES_ERROR;
				CLANG_WARN_DOCUMENTATION_COMMENTS = YES;
				CLANG_WARN_EMPTY_BODY = YES;
				CLANG_WARN_ENUM_CONVERSION = YES;
				CLANG_WARN_INFINITE_RECURSION = YES;
				CLANG_WARN_INT_CONVERSION = YES;
				CLANG_WARN_NON_LITERAL_NULL_CONVERSION = YES;
				CLANG_WARN_OBJC_IMPLICIT_RETAIN_SELF = YES;
				CLANG_WARN_OBJC_LITERAL_CONVERSION = YES;
				CLANG_WARN_OBJC_ROOT_CLASS = YES_ERROR;
				CLANG_WARN_RANGE_LOOP_ANALYSIS = YES;
				CLANG_WARN_STRICT_PROTOTYPES = YES;
				CLANG_WARN_SUSPICIOUS_MOVE = YES;
				CLANG_WARN_UNGUARDED_AVAILABILITY = YES_AGGRESSIVE;
				CLANG_WARN_UNREACHABLE_CODE = YES;
				CLANG_WARN__DUPLICATE_METHOD_MATCH = YES;
				COPY_PHASE_STRIP = NO;
				DEBUG_INFORMATION_FORMAT = "dwarf-with-dsym";
				ENABLE_NS_ASSERTIONS = NO;
				ENABLE_STRICT_OBJC_MSGSEND = YES;
				GCC_C_LANGUAGE_STANDARD = gnu11;
				GCC_NO_COMMON_BLOCKS = YES;
				GCC_WARN_64_TO_32_BIT_CONVERSION = YES;
				GCC_WARN_ABOUT_RETURN_TYPE = YES_ERROR;
				GCC_WARN_UNDECLARED_SELECTOR = YES;
				GCC_WARN_UNINITIALIZED_AUTOS = YES_AGGRESSIVE;
				GCC_WARN_UNUSED_FUNCTION = YES;
				GCC_WARN_UNUSED_VARIABLE = YES;
				IPHONEOS_DEPLOYMENT_TARGET = 13.2;
				MTL_ENABLE_DEBUG_INFO = NO;
				MTL_FAST_MATH = YES;
				SDKROOT = iphoneos;
				SWIFT_COMPILATION_MODE = wholemodule;
				SWIFT_OPTIMIZATION_LEVEL = "-O";
				VALIDATE_PRODUCT = YES;
			};
			name = Release;
		};
		DB8D390624123F0600F1E0E6 /* Debug */ = {
			isa = XCBuildConfiguration;
			baseConfigurationReference = 67D6DA3306178C91C9AF2BC9 /* Pods-MyApp.debug.xcconfig */;
			buildSettings = {
				ASSETCATALOG_COMPILER_APPICON_NAME = AppIcon;
				CODE_SIGN_STYLE = Automatic;
				INFOPLIST_FILE = MyApp/Info.plist;
				LD_RUNPATH_SEARCH_PATHS = (
					"$(inherited)",
					"@executable_path/Frameworks",
				);
				PRODUCT_BUNDLE_IDENTIFIER = com.csx.MyApp;
				PRODUCT_NAME = "$(TARGET_NAME)";
				SWIFT_VERSION = 5.0;
				TARGETED_DEVICE_FAMILY = "1,2";
			};
			name = Debug;
		};
		DB8D390724123F0600F1E0E6 /* Release */ = {
			isa = XCBuildConfiguration;
			baseConfigurationReference = 5D693C43E32D935B99AC7CEA /* Pods-MyApp.release.xcconfig */;
			buildSettings = {
				ASSETCATALOG_COMPILER_APPICON_NAME = AppIcon;
				CODE_SIGN_STYLE = Automatic;
				INFOPLIST_FILE = MyApp/Info.plist;
				LD_RUNPATH_SEARCH_PATHS = (
					"$(inherited)",
					"@executable_path/Frameworks",
				);
				PRODUCT_BUNDLE_IDENTIFIER = com.csx.MyApp;
				PRODUCT_NAME = "$(TARGET_NAME)";
				SWIFT_VERSION = 5.0;
				TARGETED_DEVICE_FAMILY = "1,2";
			};
			name = Release;
		};
		DB8D390924123F0600F1E0E6 /* Debug */ = {
			isa = XCBuildConfiguration;
			buildSettings = {
				ALWAYS_EMBED_SWIFT_STANDARD_LIBRARIES = YES;
				BUNDLE_LOADER = "$(TEST_HOST)";
				CODE_SIGN_STYLE = Automatic;
				INFOPLIST_FILE = MyAppTests/Info.plist;
				IPHONEOS_DEPLOYMENT_TARGET = 13.2;
				LD_RUNPATH_SEARCH_PATHS = (
					"$(inherited)",
					"@executable_path/Frameworks",
					"@loader_path/Frameworks",
				);
				PRODUCT_BUNDLE_IDENTIFIER = com.csx.MyAppTests;
				PRODUCT_NAME = "$(TARGET_NAME)";
				SWIFT_VERSION = 5.0;
				TARGETED_DEVICE_FAMILY = "1,2";
				TEST_HOST = "$(BUILT_PRODUCTS_DIR)/MyApp.app/MyApp";
			};
			name = Debug;
		};
		DB8D390A24123F0600F1E0E6 /* Release */ = {
			isa = XCBuildConfiguration;
			buildSettings = {
				ALWAYS_EMBED_SWIFT_STANDARD_LIBRARIES = YES;
				BUNDLE_LOADER = "$(TEST_HOST)";
				CODE_SIGN_STYLE = Automatic;
				INFOPLIST_FILE = MyAppTests/Info.plist;
				IPHONEOS_DEPLOYMENT_TARGET = 13.2;
				LD_RUNPATH_SEARCH_PATHS = (
					"$(inherited)",
					"@executable_path/Frameworks",
					"@loader_path/Frameworks",
				);
				PRODUCT_BUNDLE_IDENTIFIER = com.csx.MyAppTests;
				PRODUCT_NAME = "$(TARGET_NAME)";
				SWIFT_VERSION = 5.0;
				TARGETED_DEVICE_FAMILY = "1,2";
				TEST_HOST = "$(BUILT_PRODUCTS_DIR)/MyApp.app/MyApp";
			};
			name = Release;
		};
		DB8D390C24123F0600F1E0E6 /* Debug */ = {
			isa = XCBuildConfiguration;
			buildSettings = {
				ALWAYS_EMBED_SWIFT_STANDARD_LIBRARIES = YES;
				CODE_SIGN_STYLE = Automatic;
				INFOPLIST_FILE = MyAppUITests/Info.plist;
				LD_RUNPATH_SEARCH_PATHS = (
					"$(inherited)",
					"@executable_path/Frameworks",
					"@loader_path/Frameworks",
				);
				PRODUCT_BUNDLE_IDENTIFIER = com.csx.MyAppUITests;
				PRODUCT_NAME = "$(TARGET_NAME)";
				SWIFT_VERSION = 5.0;
				TARGETED_DEVICE_FAMILY = "1,2";
				TEST_TARGET_NAME = MyApp;
			};
			name = Debug;
		};
		DB8D390D24123F0600F1E0E6 /* Release */ = {
			isa = XCBuildConfiguration;
			buildSettings = {
				ALWAYS_EMBED_SWIFT_STANDARD_LIBRARIES = YES;
				CODE_SIGN_STYLE = Automatic;
				INFOPLIST_FILE = MyAppUITests/Info.plist;
				LD_RUNPATH_SEARCH_PATHS = (
					"$(inherited)",
					"@executable_path/Frameworks",
					"@loader_path/Frameworks",
				);
				PRODUCT_BUNDLE_IDENTIFIER = com.csx.MyAppUITests;
				PRODUCT_NAME = "$(TARGET_NAME)";
				SWIFT_VERSION = 5.0;
				TARGETED_DEVICE_FAMILY = "1,2";
				TEST_TARGET_NAME = MyApp;
			};
			name = Release;
		};
/* End XCBuildConfiguration section */

/* Begin XCConfigurationList section */
		DB8D38D624123F0200F1E0E6 /* Build configuration list for PBXProject "MyApp" */ = {
			isa = XCConfigurationList;
			buildConfigurations = (
				DB8D390324123F0600F1E0E6 /* Debug */,
				DB8D390424123F0600F1E0E6 /* Release */,
			);
			defaultConfigurationIsVisible = 0;
			defaultConfigurationName = Release;
		};
		DB8D390524123F0600F1E0E6 /* Build configuration list for PBXNativeTarget "MyApp" */ = {
			isa = XCConfigurationList;
			buildConfigurations = (
				DB8D390624123F0600F1E0E6 /* Debug */,
				DB8D390724123F0600F1E0E6 /* Release */,
			);
			defaultConfigurationIsVisible = 0;
			defaultConfigurationName = Release;
		};
		DB8D390824123F0600F1E0E6 /* Build configuration list for PBXNativeTarget "MyAppTests" */ = {
			isa = XCConfigurationList;
			buildConfigurations = (
				DB8D390924123F0600F1E0E6 /* Debug */,
				DB8D390A24123F0600F1E0E6 /* Release */,
			);
			defaultConfigurationIsVisible = 0;
			defaultConfigurationName = Release;
		};
		DB8D390B24123F0600F1E0E6 /* Build configuration list for PBXNativeTarget "MyAppUITests" */ = {
			isa = XCConfigurationList;
			buildConfigurations = (
				DB8D390C24123F0600F1E0E6 /* Debug */,
				DB8D390D24123F0600F1E0E6 /* Release */,
			);
			defaultConfigurationIsVisible = 0;
			defaultConfigurationName = Release;
		};
/* End XCConfigurationList section */
	};
	rootObject = DB8D38D324123F0200F1E0E6 /* Project object */;
}
