PODS:
  - Alamofire (5.0.0)
  - FlutteriOSPod (0.0.1)
  - SnapKit (5.0.1)

DEPENDENCIES:
  - Alamofire
  - FlutteriOSPod (from `../FlutteriOSPod`)
  - SnapKit

SPEC REPOS:
  https://github.com/CocoaPods/Specs:
    - Alamofire
    - SnapKit

EXTERNAL SOURCES:
  FlutteriOSPod:
    :path: "../FlutteriOSPod"

SPEC CHECKSUMS:
  Alamofire: 58ff2bfb8daaacaa233d5c36e37b10a5248f59b1
  FlutteriOSPod: 660d47847b091ab266c5d621be1c35f94dc8e035
  SnapKit: 97b92857e3df3a0c71833cce143274bf6ef8e5eb

PODFILE CHECKSUM: d0c7464d00b9005b8fb6a254aedee4d4c3c591d2

COCOAPODS: 1.9.0
